lockfileVersion: 5.3

specifiers:
  '@types/concurrently': ^6.4.0
  '@types/fs-extra': ^9.0.13
  '@types/node': ^17.0.2
  altair-graphql-core: 4.3.1
  altair-static: 4.3.1
  bob-tsm: ^0.4.0-alpha-64ca079.0
  concurrently: ^6.5.1
  dts-bundle-generator: ^6.2.0
  esbuild: ^0.14.7
  fs-extra: ^10.0.0
  rimraf: ^3.0.2
  typescript: ^4.5.4

devDependencies:
  '@types/concurrently': 6.4.0
  '@types/fs-extra': 9.0.13
  '@types/node': 17.0.2
  altair-graphql-core: 4.3.1
  altair-static: 4.3.1
  bob-tsm: 0.4.0-alpha-64ca079.0_esbuild@0.14.7
  concurrently: 6.5.1
  dts-bundle-generator: 6.2.0
  esbuild: 0.14.7
  fs-extra: 10.0.0
  rimraf: 3.0.2
  typescript: 4.5.4

packages:

  /@apollo/client/3.5.6_6d6bf29753fcdab43652333288e72d92:
    resolution: {integrity: sha512-XHoouuEJ4L37mtfftcHHO1caCRrKKAofAwqRoq28UQIPMJk+e7n3X9OtRRNXKk/9tmhNkwelSary+EilfPwI7A==}
    peerDependencies:
      graphql: ^14.0.0 || ^15.0.0 || ^16.0.0
      react: ^16.8.0 || ^17.0.0
      subscriptions-transport-ws: ^0.9.0 || ^0.11.0
    peerDependenciesMeta:
      react:
        optional: true
      subscriptions-transport-ws:
        optional: true
    dependencies:
      '@graphql-typed-document-node/core': 3.1.1_graphql@15.8.0
      '@wry/context': 0.6.1
      '@wry/equality': 0.5.2
      '@wry/trie': 0.3.1
      graphql: 15.8.0
      graphql-tag: 2.12.6_graphql@15.8.0
      hoist-non-react-statics: 3.3.2
      optimism: 0.16.1
      prop-types: 15.8.0
      subscriptions-transport-ws: 0.9.19_graphql@15.8.0
      symbol-observable: 4.0.0
      ts-invariant: 0.9.4
      tslib: 2.3.1
      zen-observable-ts: 1.2.3
    dev: true

  /@aws-crypto/sha256-js/1.2.2:
    resolution: {integrity: sha512-Nr1QJIbW/afYYGzYvrF70LtaHrIRtd4TNAglX8BvlfxJLZ45SAmueIKYl5tWoNBPzp65ymXGFK0Bb1vZUpuc9g==}
    dependencies:
      '@aws-crypto/util': 1.2.2
      '@aws-sdk/types': 3.40.0
      tslib: 1.14.1
    dev: true

  /@aws-crypto/util/1.2.2:
    resolution: {integrity: sha512-H8PjG5WJ4wz0UXAFXeJjWCW1vkvIJ3qUUD+rGRwJ2/hj+xT58Qle2MTql/2MGzkU+1JLAFuR6aJpLAjHwhmwwg==}
    dependencies:
      '@aws-sdk/types': 3.40.0
      '@aws-sdk/util-utf8-browser': 3.37.0
      tslib: 1.14.1
    dev: true

  /@aws-sdk/types/3.40.0:
    resolution: {integrity: sha512-KpILcfvRaL88TLvo3SY4OuCCg90SvcNLPyjDwUuBqiOyWODjrKShHtAPJzej4CLp92lofh+ul0UnBfV9Jb/5PA==}
    engines: {node: '>= 10.0.0'}
    dev: true

  /@aws-sdk/util-hex-encoding/3.37.0:
    resolution: {integrity: sha512-tn5UpfaeM+rZWqynoNqB8lwtcAXil5YYO3HLGH9himpWAdft/2Z7LK6bsYDpctaAI1WHgMDcL0bw3Id04ZUbhA==}
    engines: {node: '>= 10.0.0'}
    dependencies:
      tslib: 2.3.1
    dev: true

  /@aws-sdk/util-utf8-browser/3.37.0:
    resolution: {integrity: sha512-tuiOxzfqet1kKGYzlgpMGfhr64AHJnYsFx2jZiH/O6Yq8XQg43ryjQlbJlim/K/XHGNzY0R+nabeJg34q3Ua1g==}
    dependencies:
      tslib: 2.3.1
    dev: true

  /@graphql-typed-document-node/core/3.1.1_graphql@15.8.0:
    resolution: {integrity: sha512-NQ17ii0rK1b34VZonlmT2QMJFI70m0TRwbknO/ihlbatXyaktDhN/98vBiUU6kNBPljqGqyIrl2T4nY2RpFANg==}
    peerDependencies:
      graphql: ^0.8.0 || ^0.9.0 || ^0.10.0 || ^0.11.0 || ^0.12.0 || ^0.13.0 || ^14.0.0 || ^15.0.0 || ^16.0.0
    dependencies:
      graphql: 15.8.0
    dev: true

  /@types/concurrently/6.4.0:
    resolution: {integrity: sha512-CYU1eyFHsIa2IZIsb8gfUOdiewfnZcyM2Hg1Zaq95xnmB0Ix/bTRM8SttqZ2Cjy6JGPZLttHjZewVsDg1yvnJg==}
    dependencies:
      '@types/node': 17.0.2
      chalk: 4.1.2
    dev: true

  /@types/fs-extra/9.0.13:
    resolution: {integrity: sha512-nEnwB++1u5lVDM2UI4c1+5R+FYaKfaAzS4OococimjVm3nQw3TuzH5UNsocrcTBbhnerblyHj4A49qXbIiZdpA==}
    dependencies:
      '@types/node': 17.0.2
    dev: true

  /@types/node/17.0.2:
    resolution: {integrity: sha512-JepeIUPFDARgIs0zD/SKPgFsJEAF0X5/qO80llx59gOxFTboS9Amv3S+QfB7lqBId5sFXJ99BN0J6zFRvL9dDA==}
    dev: true

  /@wry/context/0.4.4:
    resolution: {integrity: sha512-LrKVLove/zw6h2Md/KZyWxIkFM6AoyKp71OqpH9Hiip1csjPVoD3tPxlbQUNxEnHENks3UGgNpSBCAfq9KWuag==}
    dependencies:
      '@types/node': 17.0.2
      tslib: 1.14.1
    dev: true

  /@wry/context/0.6.1:
    resolution: {integrity: sha512-LOmVnY1iTU2D8tv4Xf6MVMZZ+juIJ87Kt/plMijjN20NMAXGmH4u8bS1t0uT74cZ5gwpocYueV58YwyI8y+GKw==}
    engines: {node: '>=8'}
    dependencies:
      tslib: 2.3.1
    dev: true

  /@wry/equality/0.1.11:
    resolution: {integrity: sha512-mwEVBDUVODlsQQ5dfuLUS5/Tf7jqUKyhKYHmVi4fPB6bDMOfWvUPJmKgS1Z7Za/sOI3vzWt4+O7yCiL/70MogA==}
    dependencies:
      tslib: 1.14.1
    dev: true

  /@wry/equality/0.5.2:
    resolution: {integrity: sha512-oVMxbUXL48EV/C0/M7gLVsoK6qRHPS85x8zECofEZOVvxGmIPLA9o5Z27cc2PoAyZz1S2VoM2A7FLAnpfGlneA==}
    engines: {node: '>=8'}
    dependencies:
      tslib: 2.3.1
    dev: true

  /@wry/trie/0.3.1:
    resolution: {integrity: sha512-WwB53ikYudh9pIorgxrkHKrQZcCqNM/Q/bDzZBffEaGUKGuHrRb3zZUT9Sh2qw9yogC7SsdRmQ1ER0pqvd3bfw==}
    engines: {node: '>=8'}
    dependencies:
      tslib: 2.3.1
    dev: true

  /actioncable/5.2.6:
    resolution: {integrity: sha512-ofLHm57nN24zghkl+tQe6IVrZeSJ655lNLQjNQJvtQkeTDqlF30McuMB4o9DqpxdHgW/w0RNWaAQHB6VPlleNQ==}
    dev: true

  /altair-graphql-core/4.3.1:
    resolution: {integrity: sha512-0t6Pm3B80V+AhOf2n9JjsYxFJkETzbTtmviDp/HNVEZlMqLu+6Bn3LRErKFapkpqqQ19LMGLkVus5pN0Tze2eg==}
    engines: {node: '>= 12'}
    dependencies:
      '@apollo/client': 3.5.6_6d6bf29753fcdab43652333288e72d92
      actioncable: 5.2.6
      apollo-cache-inmemory: 1.6.6_graphql@15.8.0
      apollo-link: 1.2.14_graphql@15.8.0
      apollo-link-http: 1.5.17_graphql@15.8.0
      aws-appsync-auth-link: 3.0.7_@apollo+client@3.5.6
      aws-appsync-subscription-link: 3.0.9_@apollo+client@3.5.6
      convert-css-color-name-to-hex: 0.1.1
      deepmerge: 4.2.2
      graphql: 15.8.0
      graphql-ws: 5.5.5_graphql@15.8.0
      loglevel: 1.8.0
      loglevel-plugin-prefix: 0.8.4
      rxjs: 7.4.0
      subscriptions-transport-ws: 0.9.19_graphql@15.8.0
      util: 0.12.4
      uuid: 8.3.2
    transitivePeerDependencies:
      - bufferutil
      - react
      - utf-8-validate
    dev: true

  /altair-static/4.3.1:
    resolution: {integrity: sha512-muhgeR4xWs6nfEfy4llfl7rEtMuyyxcFYWEfsTkWrIWHoAVoRW/EYpN0KbgEhHkHB/bMOnnY7UifGn568NwkuA==}
    engines: {node: '>= 6.9.1'}
    dependencies:
      altair-graphql-core: 4.3.1
    transitivePeerDependencies:
      - bufferutil
      - react
      - utf-8-validate
    dev: true

  /ansi-regex/5.0.1:
    resolution: {integrity: sha512-quJQXlTSUGL2LH9SUXo8VwsY4soanhgo6LNSm84E1LBcE8s3O0wpdiRzyR9z/ZZJMlMWv37qOOb9pdJlMUEKFQ==}
    engines: {node: '>=8'}
    dev: true

  /ansi-styles/4.3.0:
    resolution: {integrity: sha512-zbB9rCJAT1rbjiVDb2hqKFHNYLxgtk8NURxZ3IZwD3F6NtxbXZQCnnSi1Lkx+IDohdPlFp222wVALIheZJQSEg==}
    engines: {node: '>=8'}
    dependencies:
      color-convert: 2.0.1
    dev: true

  /apollo-cache-inmemory/1.6.6_graphql@15.8.0:
    resolution: {integrity: sha512-L8pToTW/+Xru2FFAhkZ1OA9q4V4nuvfoPecBM34DecAugUZEBhI2Hmpgnzq2hTKZ60LAMrlqiASm0aqAY6F8/A==}
    peerDependencies:
      graphql: ^0.11.0 || ^0.12.0 || ^0.13.0 || ^14.0.0 || ^15.0.0
    dependencies:
      apollo-cache: 1.3.5_graphql@15.8.0
      apollo-utilities: 1.3.4_graphql@15.8.0
      graphql: 15.8.0
      optimism: 0.10.3
      ts-invariant: 0.4.4
      tslib: 1.14.1
    dev: true

  /apollo-cache/1.3.5_graphql@15.8.0:
    resolution: {integrity: sha512-1XoDy8kJnyWY/i/+gLTEbYLnoiVtS8y7ikBr/IfmML4Qb+CM7dEEbIUOjnY716WqmZ/UpXIxTfJsY7rMcqiCXA==}
    peerDependencies:
      graphql: ^0.11.0 || ^0.12.0 || ^0.13.0 || ^14.0.0 || ^15.0.0
    dependencies:
      apollo-utilities: 1.3.4_graphql@15.8.0
      graphql: 15.8.0
      tslib: 1.14.1
    dev: true

  /apollo-link-http-common/0.2.16_graphql@15.8.0:
    resolution: {integrity: sha512-2tIhOIrnaF4UbQHf7kjeQA/EmSorB7+HyJIIrUjJOKBgnXwuexi8aMecRlqTIDWcyVXCeqLhUnztMa6bOH/jTg==}
    peerDependencies:
      graphql: ^0.11.0 || ^0.12.0 || ^0.13.0 || ^14.0.0 || ^15.0.0
    dependencies:
      apollo-link: 1.2.14_graphql@15.8.0
      graphql: 15.8.0
      ts-invariant: 0.4.4
      tslib: 1.14.1
    dev: true

  /apollo-link-http/1.5.17_graphql@15.8.0:
    resolution: {integrity: sha512-uWcqAotbwDEU/9+Dm9e1/clO7hTB2kQ/94JYcGouBVLjoKmTeJTUPQKcJGpPwUjZcSqgYicbFqQSoJIW0yrFvg==}
    peerDependencies:
      graphql: ^0.11.0 || ^0.12.0 || ^0.13.0 || ^14.0.0 || ^15.0.0
    dependencies:
      apollo-link: 1.2.14_graphql@15.8.0
      apollo-link-http-common: 0.2.16_graphql@15.8.0
      graphql: 15.8.0
      tslib: 1.14.1
    dev: true

  /apollo-link/1.2.14_graphql@15.8.0:
    resolution: {integrity: sha512-p67CMEFP7kOG1JZ0ZkYZwRDa369w5PIjtMjvrQd/HnIV8FRsHRqLqK+oAZQnFa1DDdZtOtHTi+aMIW6EatC2jg==}
    peerDependencies:
      graphql: ^0.11.3 || ^0.12.3 || ^0.13.0 || ^14.0.0 || ^15.0.0
    dependencies:
      apollo-utilities: 1.3.4_graphql@15.8.0
      graphql: 15.8.0
      ts-invariant: 0.4.4
      tslib: 1.14.1
      zen-observable-ts: 0.8.21
    dev: true

  /apollo-utilities/1.3.4_graphql@15.8.0:
    resolution: {integrity: sha512-pk2hiWrCXMAy2fRPwEyhvka+mqwzeP60Jr1tRYi5xru+3ko94HI9o6lK0CT33/w4RDlxWchmdhDCrvdr+pHCig==}
    peerDependencies:
      graphql: ^0.11.0 || ^0.12.0 || ^0.13.0 || ^14.0.0 || ^15.0.0
    dependencies:
      '@wry/equality': 0.1.11
      fast-json-stable-stringify: 2.1.0
      graphql: 15.8.0
      ts-invariant: 0.4.4
      tslib: 1.14.1
    dev: true

  /available-typed-arrays/1.0.5:
    resolution: {integrity: sha512-DMD0KiN46eipeziST1LPP/STfDU0sufISXmjSgvVsoU2tqxctQeASejWcfNtxYKqETM1UxQ8sp2OrSBWpHY6sw==}
    engines: {node: '>= 0.4'}
    dev: true

  /aws-appsync-auth-link/3.0.7_@apollo+client@3.5.6:
    resolution: {integrity: sha512-Jsa53opryGFIOHGok74ICfboxhDN64o11Z+aXoCrAnE0TwzJMMK1F20ha6sYzUuozY9pGYeE+EQ3OVn6waYMog==}
    peerDependencies:
      '@apollo/client': 3.x
    dependencies:
      '@apollo/client': 3.5.6_6d6bf29753fcdab43652333288e72d92
      '@aws-crypto/sha256-js': 1.2.2
      '@aws-sdk/types': 3.40.0
      '@aws-sdk/util-hex-encoding': 3.37.0
      debug: 2.6.9
    dev: true

  /aws-appsync-subscription-link/3.0.9_@apollo+client@3.5.6:
    resolution: {integrity: sha512-yaeici7WDMnj/yzATfruYitokJQbzR8cBztzPo1o8MUFUqTj6h36j34k9fwLV6kKd4aNizaDtyUKdFAjogMvaw==}
    peerDependencies:
      '@apollo/client': 3.x
    dependencies:
      '@apollo/client': 3.5.6_6d6bf29753fcdab43652333288e72d92
      aws-appsync-auth-link: 3.0.7_@apollo+client@3.5.6
      debug: 2.6.9
      url: 0.11.0
    dev: true

  /backo2/1.0.2:
    resolution: {integrity: sha1-MasayLEpNjRj41s+u2n038+6eUc=}
    dev: true

  /balanced-match/1.0.2:
    resolution: {integrity: sha512-3oSeUO0TMV67hN1AmbXsK4yaqU7tjiHlbxRDZOpH0KW9+CeX4bRAaX0Anxt0tx2MrpRpWwQaPwIlISEJhYU5Pw==}
    dev: true

  /bob-tsm/0.4.0-alpha-64ca079.0_esbuild@0.14.7:
    resolution: {integrity: sha512-4CNM/ivQ1GIp+dj1DUBfL52KmPISjTvYTDIMVhL5s+V8QXNNybgxR+/m/KLfUcn0RS6O5XcyFo42lDkSmTPv9g==}
    engines: {node: ^12.20.0 || >=14.13.0}
    hasBin: true
    peerDependencies:
      esbuild: '>=0.13.14'
    dependencies:
      esbuild: 0.14.7
    optionalDependencies:
      fsevents: 2.3.2
    dev: true

  /brace-expansion/1.1.11:
    resolution: {integrity: sha512-iCuPHDFgrHX7H2vEI/5xpz07zSHB00TpugqhmYtVmMO6518mCuRMoOYFldEBl0g187ufozdaHgWKcYFb61qGiA==}
    dependencies:
      balanced-match: 1.0.2
      concat-map: 0.0.1
    dev: true

  /call-bind/1.0.2:
    resolution: {integrity: sha512-7O+FbCihrB5WGbFYesctwmTKae6rOiIzmz1icreWJ+0aA7LJfuqhEso2T9ncpcFtzMQtzXf2QGGueWJGTYsqrA==}
    dependencies:
      function-bind: 1.1.1
      get-intrinsic: 1.1.1
    dev: true

  /chalk/4.1.2:
    resolution: {integrity: sha512-oKnbhFyRIXpUuez8iBMmyEa4nbj4IOQyuhc/wy9kY7/WVPcwIO9VA668Pu8RkO7+0G76SLROeyw9CpQ061i4mA==}
    engines: {node: '>=10'}
    dependencies:
      ansi-styles: 4.3.0
      supports-color: 7.2.0
    dev: true

  /cliui/7.0.4:
    resolution: {integrity: sha512-OcRE68cOsVMXp1Yvonl/fzkQOyjLSu/8bhPDfQt0e0/Eb283TKP20Fs2MqoPsr9SwA595rRCA+QMzYc9nBP+JQ==}
    dependencies:
      string-width: 4.2.3
      strip-ansi: 6.0.1
      wrap-ansi: 7.0.0
    dev: true

  /color-convert/2.0.1:
    resolution: {integrity: sha512-RRECPsj7iu/xb5oKYcsFHSppFNnsj/52OVTRKb4zP5onXwVF3zVmmToNcOfGC+CRDpfK/U584fMg38ZHCaElKQ==}
    engines: {node: '>=7.0.0'}
    dependencies:
      color-name: 1.1.4
    dev: true

  /color-name/1.1.4:
    resolution: {integrity: sha512-dOy+3AuW3a2wNbZHIuMZpTcgjGuLU/uBL/ubcZF9OXbDo8ff4O8yVp5Bf0efS8uEoYo5q4Fx7dY9OgQGXgAsQA==}
    dev: true

  /concat-map/0.0.1:
    resolution: {integrity: sha1-2Klr13/Wjfd5OnMDajug1UBdR3s=}
    dev: true

  /concurrently/6.5.1:
    resolution: {integrity: sha512-FlSwNpGjWQfRwPLXvJ/OgysbBxPkWpiVjy1042b0U7on7S7qwwMIILRj7WTN1mTgqa582bG6NFuScOoh6Zgdag==}
    engines: {node: '>=10.0.0'}
    hasBin: true
    dependencies:
      chalk: 4.1.2
      date-fns: 2.27.0
      lodash: 4.17.21
      rxjs: 6.6.7
      spawn-command: 0.0.2-1
      supports-color: 8.1.1
      tree-kill: 1.2.2
      yargs: 16.2.0
    dev: true

  /convert-css-color-name-to-hex/0.1.1:
    resolution: {integrity: sha1-OKxNJ8pHBZP9ZjsYoHKjCJJqNaI=}
    dependencies:
      css-color-names: 0.0.3
      is-css-color-name: 0.1.3
    dev: true

  /css-color-names/0.0.2:
    resolution: {integrity: sha1-+6GOjP+GV5Vy10nBRsR+6D8OqVU=}
    dev: true

  /css-color-names/0.0.3:
    resolution: {integrity: sha1-3gzvFvTYqoIioyDVttfpu62nufY=}
    dev: true

  /date-fns/2.27.0:
    resolution: {integrity: sha512-sj+J0Mo2p2X1e306MHq282WS4/A8Pz/95GIFcsPNMPMZVI3EUrAdSv90al1k+p74WGLCruMXk23bfEDZa71X9Q==}
    engines: {node: '>=0.11'}
    dev: true

  /debug/2.6.9:
    resolution: {integrity: sha512-bC7ElrdJaJnPbAP+1EotYvqZsb3ecl5wi6Bfi6BJTUcNowp6cvspg0jXznRTKDjm/E7AdgFBVeAPVMNcKGsHMA==}
    dependencies:
      ms: 2.0.0
    dev: true

  /deepmerge/4.2.2:
    resolution: {integrity: sha512-FJ3UgI4gIl+PHZm53knsuSFpE+nESMr7M4v9QcgB7S63Kj/6WqMiFQJpBBYz1Pt+66bZpP3Q7Lye0Oo9MPKEdg==}
    engines: {node: '>=0.10.0'}
    dev: true

  /define-properties/1.1.3:
    resolution: {integrity: sha512-3MqfYKj2lLzdMSf8ZIZE/V+Zuy+BgD6f164e8K2w7dgnpKArBDerGYpM46IYYcjnkdPNMjPk9A6VFB8+3SKlXQ==}
    engines: {node: '>= 0.4'}
    dependencies:
      object-keys: 1.1.1
    dev: true

  /dts-bundle-generator/6.2.0:
    resolution: {integrity: sha512-9OA6gG7G/pYxz4UPgMpz0IYrzz7guP4gc5pZyUhV2mnAwmlgplRBkCoCQgPN81+8pirI02/PZRX7SRAPJbUt8w==}
    engines: {node: '>=12.0.0'}
    hasBin: true
    dependencies:
      typescript: 4.5.4
      yargs: 17.3.0
    dev: true

  /emoji-regex/8.0.0:
    resolution: {integrity: sha512-MSjYzcWNOA0ewAHpz0MxpYFvwg6yjy1NG3xteoqz644VCo/RPgnr1/GGt+ic3iJTzQ8Eu3TdM14SawnVUmGE6A==}
    dev: true

  /es-abstract/1.19.1:
    resolution: {integrity: sha512-2vJ6tjA/UfqLm2MPs7jxVybLoB8i1t1Jd9R3kISld20sIxPcTbLuggQOUxeWeAvIUkduv/CfMjuh4WmiXr2v9w==}
    engines: {node: '>= 0.4'}
    dependencies:
      call-bind: 1.0.2
      es-to-primitive: 1.2.1
      function-bind: 1.1.1
      get-intrinsic: 1.1.1
      get-symbol-description: 1.0.0
      has: 1.0.3
      has-symbols: 1.0.2
      internal-slot: 1.0.3
      is-callable: 1.2.4
      is-negative-zero: 2.0.2
      is-regex: 1.1.4
      is-shared-array-buffer: 1.0.1
      is-string: 1.0.7
      is-weakref: 1.0.2
      object-inspect: 1.12.0
      object-keys: 1.1.1
      object.assign: 4.1.2
      string.prototype.trimend: 1.0.4
      string.prototype.trimstart: 1.0.4
      unbox-primitive: 1.0.1
    dev: true

  /es-to-primitive/1.2.1:
    resolution: {integrity: sha512-QCOllgZJtaUo9miYBcLChTUaHNjJF3PYs1VidD7AwiEj1kYxKeQTctLAezAOH5ZKRH0g2IgPn6KwB4IT8iRpvA==}
    engines: {node: '>= 0.4'}
    dependencies:
      is-callable: 1.2.4
      is-date-object: 1.0.5
      is-symbol: 1.0.4
    dev: true

  /esbuild-android-arm64/0.14.7:
    resolution: {integrity: sha512-9/Q1NC4JErvsXzJKti0NHt+vzKjZOgPIjX/e6kkuCzgfT/GcO3FVBcGIv4HeJG7oMznE6KyKhvLrFgt7CdU2/w==}
    cpu: [arm64]
    os: [android]
    requiresBuild: true
    dev: true
    optional: true

  /esbuild-darwin-64/0.14.7:
    resolution: {integrity: sha512-Z9X+3TT/Xj+JiZTVlwHj2P+8GoiSmUnGVz0YZTSt8WTbW3UKw5Pw2ucuJ8VzbD2FPy0jbIKJkko/6CMTQchShQ==}
    cpu: [x64]
    os: [darwin]
    requiresBuild: true
    dev: true
    optional: true

  /esbuild-darwin-arm64/0.14.7:
    resolution: {integrity: sha512-68e7COhmwIiLXBEyxUxZSSU0akgv8t3e50e2QOtKdBUE0F6KIRISzFntLe2rYlNqSsjGWsIO6CCc9tQxijjSkw==}
    cpu: [arm64]
    os: [darwin]
    requiresBuild: true
    dev: true
    optional: true

  /esbuild-freebsd-64/0.14.7:
    resolution: {integrity: sha512-76zy5jAjPiXX/S3UvRgG85Bb0wy0zv/J2lel3KtHi4V7GUTBfhNUPt0E5bpSXJ6yMT7iThhnA5rOn+IJiUcslQ==}
    cpu: [x64]
    os: [freebsd]
    requiresBuild: true
    dev: true
    optional: true

  /esbuild-freebsd-arm64/0.14.7:
    resolution: {integrity: sha512-lSlYNLiqyzd7qCN5CEOmLxn7MhnGHPcu5KuUYOG1i+t5A6q7LgBmfYC9ZHJBoYyow3u4CNu79AWHbvVLpE/VQQ==}
    cpu: [arm64]
    os: [freebsd]
    requiresBuild: true
    dev: true
    optional: true

  /esbuild-linux-32/0.14.7:
    resolution: {integrity: sha512-Vk28u409wVOXqTaT6ek0TnfQG4Ty1aWWfiysIaIRERkNLhzLhUf4i+qJBN8mMuGTYOkE40F0Wkbp6m+IidOp2A==}
    cpu: [ia32]
    os: [linux]
    requiresBuild: true
    dev: true
    optional: true

  /esbuild-linux-64/0.14.7:
    resolution: {integrity: sha512-+Lvz6x+8OkRk3K2RtZwO+0a92jy9si9cUea5Zoru4yJ/6EQm9ENX5seZE0X9DTwk1dxJbjmLsJsd3IoowyzgVg==}
    cpu: [x64]
    os: [linux]
    requiresBuild: true
    dev: true
    optional: true

  /esbuild-linux-arm/0.14.7:
    resolution: {integrity: sha512-OzpXEBogbYdcBqE4uKynuSn5YSetCvK03Qv1HcOY1VN6HmReuatjJ21dCH+YPHSpMEF0afVCnNfffvsGEkxGJQ==}
    cpu: [arm]
    os: [linux]
    requiresBuild: true
    dev: true
    optional: true

  /esbuild-linux-arm64/0.14.7:
    resolution: {integrity: sha512-kJd5beWSqteSAW086qzCEsH6uwpi7QRIpzYWHzEYwKKu9DiG1TwIBegQJmLpPsLp4v5RAFjea0JAmAtpGtRpqg==}
    cpu: [arm64]
    os: [linux]
    requiresBuild: true
    dev: true
    optional: true

  /esbuild-linux-mips64le/0.14.7:
    resolution: {integrity: sha512-mFWpnDhZJmj/h7pxqn1GGDsKwRfqtV7fx6kTF5pr4PfXe8pIaTERpwcKkoCwZUkWAOmUEjMIUAvFM72A6hMZnA==}
    cpu: [mips64el]
    os: [linux]
    requiresBuild: true
    dev: true
    optional: true

  /esbuild-linux-ppc64le/0.14.7:
    resolution: {integrity: sha512-wM7f4M0bsQXfDL4JbbYD0wsr8cC8KaQ3RPWc/fV27KdErPW7YsqshZZSjDV0kbhzwpNNdhLItfbaRT8OE8OaKA==}
    cpu: [ppc64]
    os: [linux]
    requiresBuild: true
    dev: true
    optional: true

  /esbuild-netbsd-64/0.14.7:
    resolution: {integrity: sha512-J/afS7woKyzGgAL5FlgvMyqgt5wQ597lgsT+xc2yJ9/7BIyezeXutXqfh05vszy2k3kSvhLesugsxIA71WsqBw==}
    cpu: [x64]
    os: [netbsd]
    requiresBuild: true
    dev: true
    optional: true

  /esbuild-openbsd-64/0.14.7:
    resolution: {integrity: sha512-7CcxgdlCD+zAPyveKoznbgr3i0Wnh0L8BDGRCjE/5UGkm5P/NQko51tuIDaYof8zbmXjjl0OIt9lSo4W7I8mrw==}
    cpu: [x64]
    os: [openbsd]
    requiresBuild: true
    dev: true
    optional: true

  /esbuild-sunos-64/0.14.7:
    resolution: {integrity: sha512-GKCafP2j/KUljVC3nesw1wLFSZktb2FGCmoT1+730zIF5O6hNroo0bSEofm6ZK5mNPnLiSaiLyRB9YFgtkd5Xg==}
    cpu: [x64]
    os: [sunos]
    requiresBuild: true
    dev: true
    optional: true

  /esbuild-windows-32/0.14.7:
    resolution: {integrity: sha512-5I1GeL/gZoUUdTPA0ws54bpYdtyeA2t6MNISalsHpY269zK8Jia/AXB3ta/KcDHv2SvNwabpImeIPXC/k0YW6A==}
    cpu: [ia32]
    os: [win32]
    requiresBuild: true
    dev: true
    optional: true

  /esbuild-windows-64/0.14.7:
    resolution: {integrity: sha512-CIGKCFpQOSlYsLMbxt8JjxxvVw9MlF1Rz2ABLVfFyHUF5OeqHD5fPhGrCVNaVrhO8Xrm+yFmtjcZudUGr5/WYQ==}
    cpu: [x64]
    os: [win32]
    requiresBuild: true
    dev: true
    optional: true

  /esbuild-windows-arm64/0.14.7:
    resolution: {integrity: sha512-eOs1eSivOqN7cFiRIukEruWhaCf75V0N8P0zP7dh44LIhLl8y6/z++vv9qQVbkBm5/D7M7LfCfCTmt1f1wHOCw==}
    cpu: [arm64]
    os: [win32]
    requiresBuild: true
    dev: true
    optional: true

  /esbuild/0.14.7:
    resolution: {integrity: sha512-+u/msd6iu+HvfysUPkZ9VHm83LImmSNnecYPfFI01pQ7TTcsFR+V0BkybZX7mPtIaI7LCrse6YRj+v3eraJSgw==}
    hasBin: true
    requiresBuild: true
    optionalDependencies:
      esbuild-android-arm64: 0.14.7
      esbuild-darwin-64: 0.14.7
      esbuild-darwin-arm64: 0.14.7
      esbuild-freebsd-64: 0.14.7
      esbuild-freebsd-arm64: 0.14.7
      esbuild-linux-32: 0.14.7
      esbuild-linux-64: 0.14.7
      esbuild-linux-arm: 0.14.7
      esbuild-linux-arm64: 0.14.7
      esbuild-linux-mips64le: 0.14.7
      esbuild-linux-ppc64le: 0.14.7
      esbuild-netbsd-64: 0.14.7
      esbuild-openbsd-64: 0.14.7
      esbuild-sunos-64: 0.14.7
      esbuild-windows-32: 0.14.7
      esbuild-windows-64: 0.14.7
      esbuild-windows-arm64: 0.14.7
    dev: true

  /escalade/3.1.1:
    resolution: {integrity: sha512-k0er2gUkLf8O0zKJiAhmkTnJlTvINGv7ygDNPbeIsX/TJjGJZHuh9B2UxbsaEkmlEo9MfhrSzmhIlhRlI2GXnw==}
    engines: {node: '>=6'}
    dev: true

  /eventemitter3/3.1.2:
    resolution: {integrity: sha512-tvtQIeLVHjDkJYnzf2dgVMxfuSGJeM/7UCG17TT4EumTfNtF+0nebF/4zWOIkCreAbtNqhGEboB6BWrwqNaw4Q==}
    dev: true

  /fast-json-stable-stringify/2.1.0:
    resolution: {integrity: sha512-lhd/wF+Lk98HZoTCtlVraHtfh5XYijIjalXck7saUtuanSDyLMxnHhSXEDJqHxD7msR8D0uCmqlkwjCV8xvwHw==}
    dev: true

  /foreach/2.0.5:
    resolution: {integrity: sha1-C+4AUBiusmDQo6865ljdATbsG5k=}
    dev: true

  /fs-extra/10.0.0:
    resolution: {integrity: sha512-C5owb14u9eJwizKGdchcDUQeFtlSHHthBk8pbX9Vc1PFZrLombudjDnNns88aYslCyF6IY5SUw3Roz6xShcEIQ==}
    engines: {node: '>=12'}
    dependencies:
      graceful-fs: 4.2.8
      jsonfile: 6.1.0
      universalify: 2.0.0
    dev: true

  /fs.realpath/1.0.0:
    resolution: {integrity: sha1-FQStJSMVjKpA20onh8sBQRmU6k8=}
    dev: true

  /fsevents/2.3.2:
    resolution: {integrity: sha512-xiqMQR4xAeHTuB9uWm+fFRcIOgKBMiOBP+eXiyT7jsgVCq1bkVygt00oASowB7EdtpOHaaPgKt812P9ab+DDKA==}
    engines: {node: ^8.16.0 || ^10.6.0 || >=11.0.0}
    os: [darwin]
    requiresBuild: true
    dev: true
    optional: true

  /function-bind/1.1.1:
    resolution: {integrity: sha512-yIovAzMX49sF8Yl58fSCWJ5svSLuaibPxXQJFLmBObTuCr0Mf1KiPopGM9NiFjiYBCbfaa2Fh6breQ6ANVTI0A==}
    dev: true

  /get-caller-file/2.0.5:
    resolution: {integrity: sha512-DyFP3BM/3YHTQOCUL/w0OZHR0lpKeGrxotcHWcqNEdnltqFwXVfhEBQ94eIo34AfQpo0rGki4cyIiftY06h2Fg==}
    engines: {node: 6.* || 8.* || >= 10.*}
    dev: true

  /get-intrinsic/1.1.1:
    resolution: {integrity: sha512-kWZrnVM42QCiEA2Ig1bG8zjoIMOgxWwYCEeNdwY6Tv/cOSeGpcoX4pXHfKUxNKVoArnrEr2e9srnAxxGIraS9Q==}
    dependencies:
      function-bind: 1.1.1
      has: 1.0.3
      has-symbols: 1.0.2
    dev: true

  /get-symbol-description/1.0.0:
    resolution: {integrity: sha512-2EmdH1YvIQiZpltCNgkuiUnyukzxM/R6NDJX31Ke3BG1Nq5b0S2PhX59UKi9vZpPDQVdqn+1IcaAwnzTT5vCjw==}
    engines: {node: '>= 0.4'}
    dependencies:
      call-bind: 1.0.2
      get-intrinsic: 1.1.1
    dev: true

  /glob/7.2.0:
    resolution: {integrity: sha512-lmLf6gtyrPq8tTjSmrO94wBeQbFR3HbLHbuyD69wuyQkImp2hWqMGB47OX65FBkPffO641IP9jWa1z4ivqG26Q==}
    dependencies:
      fs.realpath: 1.0.0
      inflight: 1.0.6
      inherits: 2.0.4
      minimatch: 3.0.4
      once: 1.4.0
      path-is-absolute: 1.0.1
    dev: true

  /graceful-fs/4.2.8:
    resolution: {integrity: sha512-qkIilPUYcNhJpd33n0GBXTB1MMPp14TxEsEs0pTrsSVucApsYzW5V+Q8Qxhik6KU3evy+qkAAowTByymK0avdg==}
    dev: true

  /graphql-tag/2.12.6_graphql@15.8.0:
    resolution: {integrity: sha512-FdSNcu2QQcWnM2VNvSCCDCVS5PpPqpzgFT8+GXzqJuoDd0CBncxCY278u4mhRO7tMgo2JjgJA5aZ+nWSQ/Z+xg==}
    engines: {node: '>=10'}
    peerDependencies:
      graphql: ^0.9.0 || ^0.10.0 || ^0.11.0 || ^0.12.0 || ^0.13.0 || ^14.0.0 || ^15.0.0 || ^16.0.0
    dependencies:
      graphql: 15.8.0
      tslib: 2.3.1
    dev: true

  /graphql-ws/5.5.5_graphql@15.8.0:
    resolution: {integrity: sha512-hvyIS71vs4Tu/yUYHPvGXsTgo0t3arU820+lT5VjZS2go0ewp2LqyCgxEN56CzOG7Iys52eRhHBiD1gGRdiQtw==}
    engines: {node: '>=10'}
    peerDependencies:
      graphql: '>=0.11 <=16'
    dependencies:
      graphql: 15.8.0
    dev: true

  /graphql/15.8.0:
    resolution: {integrity: sha512-5gghUc24tP9HRznNpV2+FIoq3xKkj5dTQqf4v0CpdPbFVwFkWoxOM+o+2OC9ZSvjEMTjfmG9QT+gcvggTwW1zw==}
    engines: {node: '>= 10.x'}
    dev: true

  /has-bigints/1.0.1:
    resolution: {integrity: sha512-LSBS2LjbNBTf6287JEbEzvJgftkF5qFkmCo9hDRpAzKhUOlJ+hx8dd4USs00SgsUNwc4617J9ki5YtEClM2ffA==}
    dev: true

  /has-flag/4.0.0:
    resolution: {integrity: sha512-EykJT/Q1KjTWctppgIAgfSO0tKVuZUjhgMr17kqTumMl6Afv3EISleU7qZUzoXDFTAHTDC4NOoG/ZxU3EvlMPQ==}
    engines: {node: '>=8'}
    dev: true

  /has-symbols/1.0.2:
    resolution: {integrity: sha512-chXa79rL/UC2KlX17jo3vRGz0azaWEx5tGqZg5pO3NUyEJVB17dMruQlzCCOfUvElghKcm5194+BCRvi2Rv/Gw==}
    engines: {node: '>= 0.4'}
    dev: true

  /has-tostringtag/1.0.0:
    resolution: {integrity: sha512-kFjcSNhnlGV1kyoGk7OXKSawH5JOb/LzUc5w9B02hOTO0dfFRjbHQKvg1d6cf3HbeUmtU9VbbV3qzZ2Teh97WQ==}
    engines: {node: '>= 0.4'}
    dependencies:
      has-symbols: 1.0.2
    dev: true

  /has/1.0.3:
    resolution: {integrity: sha512-f2dvO0VU6Oej7RkWJGrehjbzMAjFp5/VKPp5tTpWIV4JHHZK1/BxbFRtf/siA2SWTe09caDmVtYYzWEIbBS4zw==}
    engines: {node: '>= 0.4.0'}
    dependencies:
      function-bind: 1.1.1
    dev: true

  /hoist-non-react-statics/3.3.2:
    resolution: {integrity: sha512-/gGivxi8JPKWNm/W0jSmzcMPpfpPLc3dY/6GxhX2hQ9iGj3aDfklV4ET7NjKpSinLpJ5vafa9iiGIEZg10SfBw==}
    dependencies:
      react-is: 16.13.1
    dev: true

  /inflight/1.0.6:
    resolution: {integrity: sha1-Sb1jMdfQLQwJvJEKEHW6gWW1bfk=}
    dependencies:
      once: 1.4.0
      wrappy: 1.0.2
    dev: true

  /inherits/2.0.4:
    resolution: {integrity: sha512-k/vGaX4/Yla3WzyMCvTQOXYeIHvqOKtnqBduzTHpzpQZzAskKMhZ2K+EnBiSM9zGSoIFeMpXKxa4dYeZIQqewQ==}
    dev: true

  /internal-slot/1.0.3:
    resolution: {integrity: sha512-O0DB1JC/sPyZl7cIo78n5dR7eUSwwpYPiXRhTzNxZVAMUuB8vlnRFyLxdrVToks6XPLVnFfbzaVd5WLjhgg+vA==}
    engines: {node: '>= 0.4'}
    dependencies:
      get-intrinsic: 1.1.1
      has: 1.0.3
      side-channel: 1.0.4
    dev: true

  /is-arguments/1.1.1:
    resolution: {integrity: sha512-8Q7EARjzEnKpt/PCD7e1cgUS0a6X8u5tdSiMqXhojOdoV9TsMsiO+9VLC5vAmO8N7/GmXn7yjR8qnA6bVAEzfA==}
    engines: {node: '>= 0.4'}
    dependencies:
      call-bind: 1.0.2
      has-tostringtag: 1.0.0
    dev: true

  /is-bigint/1.0.4:
    resolution: {integrity: sha512-zB9CruMamjym81i2JZ3UMn54PKGsQzsJeo6xvN3HJJ4CAsQNB6iRutp2To77OfCNuoxspsIhzaPoO1zyCEhFOg==}
    dependencies:
      has-bigints: 1.0.1
    dev: true

  /is-boolean-object/1.1.2:
    resolution: {integrity: sha512-gDYaKHJmnj4aWxyj6YHyXVpdQawtVLHU5cb+eztPGczf6cjuTdwve5ZIEfgXqH4e57An1D1AKf8CZ3kYrQRqYA==}
    engines: {node: '>= 0.4'}
    dependencies:
      call-bind: 1.0.2
      has-tostringtag: 1.0.0
    dev: true

  /is-callable/1.2.4:
    resolution: {integrity: sha512-nsuwtxZfMX67Oryl9LCQ+upnC0Z0BgpwntpS89m1H/TLF0zNfzfLMV/9Wa/6MZsj0acpEjAO0KF1xT6ZdLl95w==}
    engines: {node: '>= 0.4'}
    dev: true

  /is-css-color-name/0.1.3:
    resolution: {integrity: sha1-6jtRvJAdiiQ9Msm3hz0GgNu+9/E=}
    dependencies:
      css-color-names: 0.0.2
    dev: true

  /is-date-object/1.0.5:
    resolution: {integrity: sha512-9YQaSxsAiSwcvS33MBk3wTCVnWK+HhF8VZR2jRxehM16QcVOdHqPn4VPHmRK4lSr38n9JriurInLcP90xsYNfQ==}
    engines: {node: '>= 0.4'}
    dependencies:
      has-tostringtag: 1.0.0
    dev: true

  /is-fullwidth-code-point/3.0.0:
    resolution: {integrity: sha512-zymm5+u+sCsSWyD9qNaejV3DFvhCKclKdizYaJUuHA83RLjb7nSuGnddCHGv0hk+KY7BMAlsWeK4Ueg6EV6XQg==}
    engines: {node: '>=8'}
    dev: true

  /is-generator-function/1.0.10:
    resolution: {integrity: sha512-jsEjy9l3yiXEQ+PsXdmBwEPcOxaXWLspKdplFUVI9vq1iZgIekeC0L167qeu86czQaxed3q/Uzuw0swL0irL8A==}
    engines: {node: '>= 0.4'}
    dependencies:
      has-tostringtag: 1.0.0
    dev: true

  /is-negative-zero/2.0.2:
    resolution: {integrity: sha512-dqJvarLawXsFbNDeJW7zAz8ItJ9cd28YufuuFzh0G8pNHjJMnY08Dv7sYX2uF5UpQOwieAeOExEYAWWfu7ZZUA==}
    engines: {node: '>= 0.4'}
    dev: true

  /is-number-object/1.0.6:
    resolution: {integrity: sha512-bEVOqiRcvo3zO1+G2lVMy+gkkEm9Yh7cDMRusKKu5ZJKPUYSJwICTKZrNKHA2EbSP0Tu0+6B/emsYNHZyn6K8g==}
    engines: {node: '>= 0.4'}
    dependencies:
      has-tostringtag: 1.0.0
    dev: true

  /is-regex/1.1.4:
    resolution: {integrity: sha512-kvRdxDsxZjhzUX07ZnLydzS1TU/TJlTUHHY4YLL87e37oUA49DfkLqgy+VjFocowy29cKvcSiu+kIv728jTTVg==}
    engines: {node: '>= 0.4'}
    dependencies:
      call-bind: 1.0.2
      has-tostringtag: 1.0.0
    dev: true

  /is-shared-array-buffer/1.0.1:
    resolution: {integrity: sha512-IU0NmyknYZN0rChcKhRO1X8LYz5Isj/Fsqh8NJOSf+N/hCOTwy29F32Ik7a+QszE63IdvmwdTPDd6cZ5pg4cwA==}
    dev: true

  /is-string/1.0.7:
    resolution: {integrity: sha512-tE2UXzivje6ofPW7l23cjDOMa09gb7xlAqG6jG5ej6uPV32TlWP3NKPigtaGeHNu9fohccRYvIiZMfOOnOYUtg==}
    engines: {node: '>= 0.4'}
    dependencies:
      has-tostringtag: 1.0.0
    dev: true

  /is-symbol/1.0.4:
    resolution: {integrity: sha512-C/CPBqKWnvdcxqIARxyOh4v1UUEOCHpgDa0WYgpKDFMszcrPcffg5uhwSgPCLD2WWxmq6isisz87tzT01tuGhg==}
    engines: {node: '>= 0.4'}
    dependencies:
      has-symbols: 1.0.2
    dev: true

  /is-typed-array/1.1.8:
    resolution: {integrity: sha512-HqH41TNZq2fgtGT8WHVFVJhBVGuY3AnP3Q36K8JKXUxSxRgk/d+7NjmwG2vo2mYmXK8UYZKu0qH8bVP5gEisjA==}
    engines: {node: '>= 0.4'}
    dependencies:
      available-typed-arrays: 1.0.5
      call-bind: 1.0.2
      es-abstract: 1.19.1
      foreach: 2.0.5
      has-tostringtag: 1.0.0
    dev: true

  /is-weakref/1.0.2:
    resolution: {integrity: sha512-qctsuLZmIQ0+vSSMfoVvyFe2+GSEvnmZ2ezTup1SBse9+twCCeial6EEi3Nc2KFcf6+qz2FBPnjXsk8xhKSaPQ==}
    dependencies:
      call-bind: 1.0.2
    dev: true

  /iterall/1.3.0:
    resolution: {integrity: sha512-QZ9qOMdF+QLHxy1QIpUHUU1D5pS2CG2P69LF6L6CPjPYA/XMOmKV3PZpawHoAjHNyB0swdVTRxdYT4tbBbxqwg==}
    dev: true

  /js-tokens/4.0.0:
    resolution: {integrity: sha512-RdJUflcE3cUzKiMqQgsCu06FPu9UdIJO0beYbPhHN4k6apgJtifcoCtT9bcxOpYBtpD2kCM6Sbzg4CausW/PKQ==}
    dev: true

  /jsonfile/6.1.0:
    resolution: {integrity: sha512-5dgndWOriYSm5cnYaJNhalLNDKOqFwyDB/rr1E9ZsGciGvKPs8R2xYGCacuf3z6K1YKDz182fd+fY3cn3pMqXQ==}
    dependencies:
      universalify: 2.0.0
    optionalDependencies:
      graceful-fs: 4.2.8
    dev: true

  /lodash/4.17.21:
    resolution: {integrity: sha512-v2kDEe57lecTulaDIuNTPy3Ry4gLGJ6Z1O3vE1krgXZNrsQ+LFTGHVxVjcXPs17LhbZVGedAJv8XZ1tvj5FvSg==}
    dev: true

  /loglevel-plugin-prefix/0.8.4:
    resolution: {integrity: sha512-WpG9CcFAOjz/FtNht+QJeGpvVl/cdR6P0z6OcXSkr8wFJOsV2GRj2j10JLfjuA4aYkcKCNIEqRGCyTife9R8/g==}
    dev: true

  /loglevel/1.8.0:
    resolution: {integrity: sha512-G6A/nJLRgWOuuwdNuA6koovfEV1YpqqAG4pRUlFaz3jj2QNZ8M4vBqnVA+HBTmU/AMNUtlOsMmSpF6NyOjztbA==}
    engines: {node: '>= 0.6.0'}
    dev: true

  /loose-envify/1.4.0:
    resolution: {integrity: sha512-lyuxPGr/Wfhrlem2CL/UcnUc1zcqKAImBDzukY7Y5F/yQiNdko6+fRLevlw1HgMySw7f611UIY408EtxRSoK3Q==}
    hasBin: true
    dependencies:
      js-tokens: 4.0.0
    dev: true

  /minimatch/3.0.4:
    resolution: {integrity: sha512-yJHVQEhyqPLUTgt9B83PXu6W3rx4MvvHvSUvToogpwoGDOUQ+yDrR0HRot+yOCdCO7u4hX3pWft6kWBBcqh0UA==}
    dependencies:
      brace-expansion: 1.1.11
    dev: true

  /ms/2.0.0:
    resolution: {integrity: sha1-VgiurfwAvmwpAd9fmGF4jeDVl8g=}
    dev: true

  /object-assign/4.1.1:
    resolution: {integrity: sha1-IQmtx5ZYh8/AXLvUQsrIv7s2CGM=}
    engines: {node: '>=0.10.0'}
    dev: true

  /object-inspect/1.12.0:
    resolution: {integrity: sha512-Ho2z80bVIvJloH+YzRmpZVQe87+qASmBUKZDWgx9cu+KDrX2ZDH/3tMy+gXbZETVGs2M8YdxObOh7XAtim9Y0g==}
    dev: true

  /object-keys/1.1.1:
    resolution: {integrity: sha512-NuAESUOUMrlIXOfHKzD6bpPu3tYt3xvjNdRIQ+FeT0lNb4K8WR70CaDxhuNguS2XG+GjkyMwOzsN5ZktImfhLA==}
    engines: {node: '>= 0.4'}
    dev: true

  /object.assign/4.1.2:
    resolution: {integrity: sha512-ixT2L5THXsApyiUPYKmW+2EHpXXe5Ii3M+f4e+aJFAHao5amFRW6J0OO6c/LU8Be47utCx2GL89hxGB6XSmKuQ==}
    engines: {node: '>= 0.4'}
    dependencies:
      call-bind: 1.0.2
      define-properties: 1.1.3
      has-symbols: 1.0.2
      object-keys: 1.1.1
    dev: true

  /once/1.4.0:
    resolution: {integrity: sha1-WDsap3WWHUsROsF9nFC6753Xa9E=}
    dependencies:
      wrappy: 1.0.2
    dev: true

  /optimism/0.10.3:
    resolution: {integrity: sha512-9A5pqGoQk49H6Vhjb9kPgAeeECfUDF6aIICbMDL23kDLStBn1MWk3YvcZ4xWF9CsSf6XEgvRLkXy4xof/56vVw==}
    dependencies:
      '@wry/context': 0.4.4
    dev: true

  /optimism/0.16.1:
    resolution: {integrity: sha512-64i+Uw3otrndfq5kaoGNoY7pvOhSsjFEN4bdEFh80MWVk/dbgJfMv7VFDeCT8LxNAlEVhQmdVEbfE7X2nWNIIg==}
    dependencies:
      '@wry/context': 0.6.1
      '@wry/trie': 0.3.1
    dev: true

  /path-is-absolute/1.0.1:
    resolution: {integrity: sha1-F0uSaHNVNP+8es5r9TpanhtcX18=}
    engines: {node: '>=0.10.0'}
    dev: true

  /prop-types/15.8.0:
    resolution: {integrity: sha512-fDGekdaHh65eI3lMi5OnErU6a8Ighg2KjcjQxO7m8VHyWjcPyj5kiOgV1LQDOOOgVy3+5FgjXvdSSX7B8/5/4g==}
    dependencies:
      loose-envify: 1.4.0
      object-assign: 4.1.1
      react-is: 16.13.1
    dev: true

  /punycode/1.3.2:
    resolution: {integrity: sha1-llOgNvt8HuQjQvIyXM7v6jkmxI0=}
    dev: true

  /querystring/0.2.0:
    resolution: {integrity: sha1-sgmEkgO7Jd+CDadW50cAWHhSFiA=}
    engines: {node: '>=0.4.x'}
    deprecated: The querystring API is considered Legacy. new code should use the URLSearchParams API instead.
    dev: true

  /react-is/16.13.1:
    resolution: {integrity: sha512-24e6ynE2H+OKt4kqsOvNd8kBpV65zoxbA4BVsEOB3ARVWQki/DHzaUoC5KuON/BiccDaCCTZBuOcfZs70kR8bQ==}
    dev: true

  /require-directory/2.1.1:
    resolution: {integrity: sha1-jGStX9MNqxyXbiNE/+f3kqam30I=}
    engines: {node: '>=0.10.0'}
    dev: true

  /rimraf/3.0.2:
    resolution: {integrity: sha512-JZkJMZkAGFFPP2YqXZXPbMlMBgsxzE8ILs4lMIX/2o0L9UBw9O/Y3o6wFw/i9YLapcUJWwqbi3kdxIPdC62TIA==}
    hasBin: true
    dependencies:
      glob: 7.2.0
    dev: true

  /rxjs/6.6.7:
    resolution: {integrity: sha512-hTdwr+7yYNIT5n4AMYp85KA6yw2Va0FLa3Rguvbpa4W3I5xynaBZo41cM3XM+4Q6fRMj3sBYIR1VAmZMXYJvRQ==}
    engines: {npm: '>=2.0.0'}
    dependencies:
      tslib: 1.14.1
    dev: true

  /rxjs/7.4.0:
    resolution: {integrity: sha512-7SQDi7xeTMCJpqViXh8gL/lebcwlp3d831F05+9B44A4B0WfsEwUQHR64gsH1kvJ+Ep/J9K2+n1hVl1CsGN23w==}
    dependencies:
      tslib: 2.1.0
    dev: true

  /safe-buffer/5.2.1:
    resolution: {integrity: sha512-rp3So07KcdmmKbGvgaNxQSJr7bGVSVk5S9Eq1F+ppbRo70+YeaDxkw5Dd8NPN+GD6bjnYm2VuPuCXmpuYvmCXQ==}
    dev: true

  /side-channel/1.0.4:
    resolution: {integrity: sha512-q5XPytqFEIKHkGdiMIrY10mvLRvnQh42/+GoBlFW3b2LXLE2xxJpZFdm94we0BaoV3RwJyGqg5wS7epxTv0Zvw==}
    dependencies:
      call-bind: 1.0.2
      get-intrinsic: 1.1.1
      object-inspect: 1.12.0
    dev: true

  /spawn-command/0.0.2-1:
    resolution: {integrity: sha1-YvXpRmmBwbeW3Fkpk34RycaSG9A=}
    dev: true

  /string-width/4.2.3:
    resolution: {integrity: sha512-wKyQRQpjJ0sIp62ErSZdGsjMJWsap5oRNihHhu6G7JVO/9jIB6UyevL+tXuOqrng8j/cxKTWyWUwvSTriiZz/g==}
    engines: {node: '>=8'}
    dependencies:
      emoji-regex: 8.0.0
      is-fullwidth-code-point: 3.0.0
      strip-ansi: 6.0.1
    dev: true

  /string.prototype.trimend/1.0.4:
    resolution: {integrity: sha512-y9xCjw1P23Awk8EvTpcyL2NIr1j7wJ39f+k6lvRnSMz+mz9CGz9NYPelDk42kOz6+ql8xjfK8oYzy3jAP5QU5A==}
    dependencies:
      call-bind: 1.0.2
      define-properties: 1.1.3
    dev: true

  /string.prototype.trimstart/1.0.4:
    resolution: {integrity: sha512-jh6e984OBfvxS50tdY2nRZnoC5/mLFKOREQfw8t5yytkoUsJRNxvI/E39qu1sD0OtWI3OC0XgKSmcWwziwYuZw==}
    dependencies:
      call-bind: 1.0.2
      define-properties: 1.1.3
    dev: true

  /strip-ansi/6.0.1:
    resolution: {integrity: sha512-Y38VPSHcqkFrCpFnQ9vuSXmquuv5oXOKpGeT6aGrr3o3Gc9AlVa6JBfUSOCnbxGGZF+/0ooI7KrPuUSztUdU5A==}
    engines: {node: '>=8'}
    dependencies:
      ansi-regex: 5.0.1
    dev: true

  /subscriptions-transport-ws/0.9.19_graphql@15.8.0:
    resolution: {integrity: sha512-dxdemxFFB0ppCLg10FTtRqH/31FNRL1y1BQv8209MK5I4CwALb7iihQg+7p65lFcIl8MHatINWBLOqpgU4Kyyw==}
    peerDependencies:
      graphql: '>=0.10.0'
    dependencies:
      backo2: 1.0.2
      eventemitter3: 3.1.2
      graphql: 15.8.0
      iterall: 1.3.0
      symbol-observable: 1.2.0
      ws: 7.5.6
    transitivePeerDependencies:
      - bufferutil
      - utf-8-validate
    dev: true

  /supports-color/7.2.0:
    resolution: {integrity: sha512-qpCAvRl9stuOHveKsn7HncJRvv501qIacKzQlO/+Lwxc9+0q2wLyv4Dfvt80/DPn2pqOBsJdDiogXGR9+OvwRw==}
    engines: {node: '>=8'}
    dependencies:
      has-flag: 4.0.0
    dev: true

  /supports-color/8.1.1:
    resolution: {integrity: sha512-MpUEN2OodtUzxvKQl72cUF7RQ5EiHsGvSsVG0ia9c5RbWGL2CI4C7EpPS8UTBIplnlzZiNuV56w+FuNxy3ty2Q==}
    engines: {node: '>=10'}
    dependencies:
      has-flag: 4.0.0
    dev: true

  /symbol-observable/1.2.0:
    resolution: {integrity: sha512-e900nM8RRtGhlV36KGEU9k65K3mPb1WV70OdjfxlG2EAuM1noi/E/BaW/uMhL7bPEssK8QV57vN3esixjUvcXQ==}
    engines: {node: '>=0.10.0'}
    dev: true

  /symbol-observable/4.0.0:
    resolution: {integrity: sha512-b19dMThMV4HVFynSAM1++gBHAbk2Tc/osgLIBZMKsyqh34jb2e8Os7T6ZW/Bt3pJFdBTd2JwAnAAEQV7rSNvcQ==}
    engines: {node: '>=0.10'}
    dev: true

  /tree-kill/1.2.2:
    resolution: {integrity: sha512-L0Orpi8qGpRG//Nd+H90vFB+3iHnue1zSSGmNOOCh1GLJ7rUKVwV2HvijphGQS2UmhUZewS9VgvxYIdgr+fG1A==}
    hasBin: true
    dev: true

  /ts-invariant/0.4.4:
    resolution: {integrity: sha512-uEtWkFM/sdZvRNNDL3Ehu4WVpwaulhwQszV8mrtcdeE8nN00BV9mAmQ88RkrBhFgl9gMgvjJLAQcZbnPXI9mlA==}
    dependencies:
      tslib: 1.14.1
    dev: true

  /ts-invariant/0.9.4:
    resolution: {integrity: sha512-63jtX/ZSwnUNi/WhXjnK8kz4cHHpYS60AnmA6ixz17l7E12a5puCWFlNpkne5Rl0J8TBPVHpGjsj4fxs8ObVLQ==}
    engines: {node: '>=8'}
    dependencies:
      tslib: 2.3.1
    dev: true

  /tslib/1.14.1:
    resolution: {integrity: sha512-Xni35NKzjgMrwevysHTCArtLDpPvye8zV/0E4EyYn43P7/7qvQwPh9BGkHewbMulVntbigmcT7rdX3BNo9wRJg==}
    dev: true

  /tslib/2.1.0:
    resolution: {integrity: sha512-hcVC3wYEziELGGmEEXue7D75zbwIIVUMWAVbHItGPx0ziyXxrOMQx4rQEVEV45Ut/1IotuEvwqPopzIOkDMf0A==}
    dev: true

  /tslib/2.3.1:
    resolution: {integrity: sha512-77EbyPPpMz+FRFRuAFlWMtmgUWGe9UOG2Z25NqCwiIjRhOf5iKGuzSe5P2w1laq+FkRy4p+PCuVkJSGkzTEKVw==}
    dev: true

  /typescript/4.5.4:
    resolution: {integrity: sha512-VgYs2A2QIRuGphtzFV7aQJduJ2gyfTljngLzjpfW9FoYZF6xuw1W0vW9ghCKLfcWrCFxK81CSGRAvS1pn4fIUg==}
    engines: {node: '>=4.2.0'}
    hasBin: true
    dev: true

  /unbox-primitive/1.0.1:
    resolution: {integrity: sha512-tZU/3NqK3dA5gpE1KtyiJUrEB0lxnGkMFHptJ7q6ewdZ8s12QrODwNbhIJStmJkd1QDXa1NRA8aF2A1zk/Ypyw==}
    dependencies:
      function-bind: 1.1.1
      has-bigints: 1.0.1
      has-symbols: 1.0.2
      which-boxed-primitive: 1.0.2
    dev: true

  /universalify/2.0.0:
    resolution: {integrity: sha512-hAZsKq7Yy11Zu1DE0OzWjw7nnLZmJZYTDZZyEFHZdUhV8FkH5MCfoU1XMaxXovpyW5nq5scPqq0ZDP9Zyl04oQ==}
    engines: {node: '>= 10.0.0'}
    dev: true

  /url/0.11.0:
    resolution: {integrity: sha1-ODjpfPxgUh63PFJajlW/3Z4uKPE=}
    dependencies:
      punycode: 1.3.2
      querystring: 0.2.0
    dev: true

  /util/0.12.4:
    resolution: {integrity: sha512-bxZ9qtSlGUWSOy9Qa9Xgk11kSslpuZwaxCg4sNIDj6FLucDab2JxnHwyNTCpHMtK1MjoQiWQ6DiUMZYbSrO+Sw==}
    dependencies:
      inherits: 2.0.4
      is-arguments: 1.1.1
      is-generator-function: 1.0.10
      is-typed-array: 1.1.8
      safe-buffer: 5.2.1
      which-typed-array: 1.1.7
    dev: true

  /uuid/8.3.2:
    resolution: {integrity: sha512-+NYs2QeMWy+GWFOEm9xnn6HCDp0l7QBD7ml8zLUmJ+93Q5NF0NocErnwkTkXVFNiX3/fpC6afS8Dhb/gz7R7eg==}
    hasBin: true
    dev: true

  /which-boxed-primitive/1.0.2:
    resolution: {integrity: sha512-bwZdv0AKLpplFY2KZRX6TvyuN7ojjr7lwkg6ml0roIy9YeuSr7JS372qlNW18UQYzgYK9ziGcerWqZOmEn9VNg==}
    dependencies:
      is-bigint: 1.0.4
      is-boolean-object: 1.1.2
      is-number-object: 1.0.6
      is-string: 1.0.7
      is-symbol: 1.0.4
    dev: true

  /which-typed-array/1.1.7:
    resolution: {integrity: sha512-vjxaB4nfDqwKI0ws7wZpxIlde1XrLX5uB0ZjpfshgmapJMD7jJWhZI+yToJTqaFByF0eNBcYxbjmCzoRP7CfEw==}
    engines: {node: '>= 0.4'}
    dependencies:
      available-typed-arrays: 1.0.5
      call-bind: 1.0.2
      es-abstract: 1.19.1
      foreach: 2.0.5
      has-tostringtag: 1.0.0
      is-typed-array: 1.1.8
    dev: true

  /wrap-ansi/7.0.0:
    resolution: {integrity: sha512-YVGIj2kamLSTxw6NsZjoBxfSwsn0ycdesmc4p+Q21c5zPuZ1pl+NfxVdxPtdHvmNVOQ6XSYG4AUtyt/Fi7D16Q==}
    engines: {node: '>=10'}
    dependencies:
      ansi-styles: 4.3.0
      string-width: 4.2.3
      strip-ansi: 6.0.1
    dev: true

  /wrappy/1.0.2:
    resolution: {integrity: sha1-tSQ9jz7BqjXxNkYFvA0QNuMKtp8=}
    dev: true

  /ws/7.5.6:
    resolution: {integrity: sha512-6GLgCqo2cy2A2rjCNFlxQS6ZljG/coZfZXclldI8FB/1G3CCI36Zd8xy2HrFVACi8tfk5XrgLQEk+P0Tnz9UcA==}
    engines: {node: '>=8.3.0'}
    peerDependencies:
      bufferutil: ^4.0.1
      utf-8-validate: ^5.0.2
    peerDependenciesMeta:
      bufferutil:
        optional: true
      utf-8-validate:
        optional: true
    dev: true

  /y18n/5.0.8:
    resolution: {integrity: sha512-0pfFzegeDWJHJIAmTLRP2DwHjdF5s7jo9tuztdQxAhINCdvS+3nGINqPd00AphqJR/0LhANUS6/+7SCb98YOfA==}
    engines: {node: '>=10'}
    dev: true

  /yargs-parser/20.2.9:
    resolution: {integrity: sha512-y11nGElTIV+CT3Zv9t7VKl+Q3hTQoT9a1Qzezhhl6Rp21gJ/IVTW7Z3y9EWXhuUBC2Shnf+DX0antecpAwSP8w==}
    engines: {node: '>=10'}
    dev: true

  /yargs-parser/21.0.0:
    resolution: {integrity: sha512-z9kApYUOCwoeZ78rfRYYWdiU/iNL6mwwYlkkZfJoyMR1xps+NEBX5X7XmRpxkZHhXJ6+Ey00IwKxBBSW9FIjyA==}
    engines: {node: '>=12'}
    dev: true

  /yargs/16.2.0:
    resolution: {integrity: sha512-D1mvvtDG0L5ft/jGWkLpG1+m0eQxOfaBvTNELraWj22wSVUMWxZUvYgJYcKh6jGGIkJFhH4IZPQhR4TKpc8mBw==}
    engines: {node: '>=10'}
    dependencies:
      cliui: 7.0.4
      escalade: 3.1.1
      get-caller-file: 2.0.5
      require-directory: 2.1.1
      string-width: 4.2.3
      y18n: 5.0.8
      yargs-parser: 20.2.9
    dev: true

  /yargs/17.3.0:
    resolution: {integrity: sha512-GQl1pWyDoGptFPJx9b9L6kmR33TGusZvXIZUT+BOz9f7X2L94oeAskFYLEg/FkhV06zZPBYLvLZRWeYId29lew==}
    engines: {node: '>=12'}
    dependencies:
      cliui: 7.0.4
      escalade: 3.1.1
      get-caller-file: 2.0.5
      require-directory: 2.1.1
      string-width: 4.2.3
      y18n: 5.0.8
      yargs-parser: 21.0.0
    dev: true

  /zen-observable-ts/0.8.21:
    resolution: {integrity: sha512-Yj3yXweRc8LdRMrCC8nIc4kkjWecPAUVh0TI0OUrWXx6aX790vLcDlWca6I4vsyCGH3LpWxq0dJRcMOFoVqmeg==}
    dependencies:
      tslib: 1.14.1
      zen-observable: 0.8.15
    dev: true

  /zen-observable-ts/1.2.3:
    resolution: {integrity: sha512-hc/TGiPkAWpByykMwDcem3SdUgA4We+0Qb36bItSuJC9xD0XVBZoFHYoadAomDSNf64CG8Ydj0Qb8Od8BUWz5g==}
    dependencies:
      zen-observable: 0.8.15
    dev: true

  /zen-observable/0.8.15:
    resolution: {integrity: sha512-PQ2PC7R9rslx84ndNBZB/Dkv8V8fZEpk83RLgXtYd0fwUgEjseMn1Dgajh2x6S8QbZAFa9p2qVCEuYZNgve0dQ==}
    dev: true
